
Microsoft Visual Studio Solution File, Format Version 12.00
# Visual Studio Version 16
VisualStudioVersion = 16.0.35325.158
MinimumVisualStudioVersion = 10.0.40219.1
Project("{FAE04EC0-301F-11D3-BF4B-00C04F79EFBC}") = "TareaBloque2", "TareaBloque2\TareaBloque2.csproj", "{46251149-094C-4FFC-A96A-8EE63E106506}"
EndProject
Global
	GlobalSection(SolutionConfigurationPlatforms) = preSolution
		Debug|Any CPU = Debug|Any CPU
		Release|Any CPU = Release|Any CPU
	EndGlobalSection
	GlobalSection(ProjectConfigurationPlatforms) = postSolution
		{46251149-094C-4FFC-A96A-8EE63E106506}.Debug|Any CPU.ActiveCfg = Debug|Any CPU
		{46251149-094C-4FFC-A96A-8EE63E106506}.Debug|Any CPU.Build.0 = Debug|Any CPU
		{46251149-094C-4FFC-A96A-8EE63E106506}.Release|Any CPU.ActiveCfg = Release|Any CPU
		{46251149-094C-4FFC-A96A-8EE63E106506}.Release|Any CPU.Build.0 = Release|Any CPU
	EndGlobalSection
	GlobalSection(SolutionProperties) = preSolution
		HideSolutionNode = FALSE
	EndGlobalSection
	GlobalSection(ExtensibilityGlobals) = postSolution
		SolutionGuid = {E1044B87-49A0-4D6B-9A9C-96ABBCFAB133}
	EndGlobalSection
EndGlobal
